
Microsoft Visual Studio Solution File, Format Version 12.00
# Visual Studio Version 17
VisualStudioVersion = 17.3.32929.385
MinimumVisualStudioVersion = 10.0.40219.1
Project("{8BC9CEB8-8B4A-11D0-8D11-00A0C91BC942}") = "Numerics", "ArraysLessons\ArraysLessons.vcxproj", "{D192D483-8D33-4080-AD44-05E2D4F97BCA}"
EndProject
Project("{8BC9CEB8-8B4A-11D0-8D11-00A0C91BC942}") = "Random", "Random\Random.vcxproj", "{9CC094EC-CD8D-4E71-8B56-0D6B9495C992}"
EndProject
Project("{8BC9CEB8-8B4A-11D0-8D11-00A0C91BC942}") = "UniqeRandom", "UniqeRandom\UniqeRandom.vcxproj", "{11FA8463-AFFA-4774-A7CD-AF4A046A5849}"
EndProject
Global
	GlobalSection(SolutionConfigurationPlatforms) = preSolution
		Debug|x64 = Debug|x64
		Debug|x86 = Debug|x86
		Release|x64 = Release|x64
		Release|x86 = Release|x86
	EndGlobalSection
	GlobalSection(ProjectConfigurationPlatforms) = postSolution
		{D192D483-8D33-4080-AD44-05E2D4F97BCA}.Debug|x64.ActiveCfg = Debug|x64
		{D192D483-8D33-4080-AD44-05E2D4F97BCA}.Debug|x64.Build.0 = Debug|x64
		{D192D483-8D33-4080-AD44-05E2D4F97BCA}.Debug|x86.ActiveCfg = Debug|Win32
		{D192D483-8D33-4080-AD44-05E2D4F97BCA}.Debug|x86.Build.0 = Debug|Win32
		{D192D483-8D33-4080-AD44-05E2D4F97BCA}.Release|x64.ActiveCfg = Release|x64
		{D192D483-8D33-4080-AD44-05E2D4F97BCA}.Release|x64.Build.0 = Release|x64
		{D192D483-8D33-4080-AD44-05E2D4F97BCA}.Release|x86.ActiveCfg = Release|Win32
		{D192D483-8D33-4080-AD44-05E2D4F97BCA}.Release|x86.Build.0 = Release|Win32
		{9CC094EC-CD8D-4E71-8B56-0D6B9495C992}.Debug|x64.ActiveCfg = Debug|x64
		{9CC094EC-CD8D-4E71-8B56-0D6B9495C992}.Debug|x64.Build.0 = Debug|x64
		{9CC094EC-CD8D-4E71-8B56-0D6B9495C992}.Debug|x86.ActiveCfg = Debug|Win32
		{9CC094EC-CD8D-4E71-8B56-0D6B9495C992}.Debug|x86.Build.0 = Debug|Win32
		{9CC094EC-CD8D-4E71-8B56-0D6B9495C992}.Release|x64.ActiveCfg = Release|x64
		{9CC094EC-CD8D-4E71-8B56-0D6B9495C992}.Release|x64.Build.0 = Release|x64
		{9CC094EC-CD8D-4E71-8B56-0D6B9495C992}.Release|x86.ActiveCfg = Release|Win32
		{9CC094EC-CD8D-4E71-8B56-0D6B9495C992}.Release|x86.Build.0 = Release|Win32
		{11FA8463-AFFA-4774-A7CD-AF4A046A5849}.Debug|x64.ActiveCfg = Debug|x64
		{11FA8463-AFFA-4774-A7CD-AF4A046A5849}.Debug|x64.Build.0 = Debug|x64
		{11FA8463-AFFA-4774-A7CD-AF4A046A5849}.Debug|x86.ActiveCfg = Debug|Win32
		{11FA8463-AFFA-4774-A7CD-AF4A046A5849}.Debug|x86.Build.0 = Debug|Win32
		{11FA8463-AFFA-4774-A7CD-AF4A046A5849}.Release|x64.ActiveCfg = Release|x64
		{11FA8463-AFFA-4774-A7CD-AF4A046A5849}.Release|x64.Build.0 = Release|x64
		{11FA8463-AFFA-4774-A7CD-AF4A046A5849}.Release|x86.ActiveCfg = Release|Win32
		{11FA8463-AFFA-4774-A7CD-AF4A046A5849}.Release|x86.Build.0 = Release|Win32
	EndGlobalSection
	GlobalSection(SolutionProperties) = preSolution
		HideSolutionNode = FALSE
	EndGlobalSection
	GlobalSection(ExtensibilityGlobals) = postSolution
		SolutionGuid = {DAABAEAE-B963-4AE2-B6B2-ACF311400BB0}
	EndGlobalSection
EndGlobal
